<?xml version="1.0" encoding="UTF-8" standalone="yes" ?>
<CodeBlocks_project_file>
	<FileVersion major="1" minor="6" />
	<Project>
		<Option title="Jogo" />
		<Option pch_mode="2" />
		<Option compiler="gcc" />
		<Build>
			<Target title="Debug">
				<Option output="bin/Debug/test" prefix_auto="1" extension_auto="1" />
				<Option object_output="obj/Debug/" />
				<Option type="1" />
				<Option compiler="gcc" />
				<Option use_console_runner="0" />
				<Compiler>
					<Add option="-g" />
					<Add option="-DSFML_STATIC" />
					<Add directory="C:/Program Files (x86)/CodeBlocks/SFML/include" />
					<Add directory="include" />
				</Compiler>
				<Linker>
					<Add library="sfml-graphics-d" />
					<Add library="sfml-window-d" />
					<Add library="sfml-system-d" />
					<Add library="sfml-audio-d" />
					<Add library="sfml-main-d" />
					<Add library="sfml-network-d" />
					<Add directory="C:/Program Files (x86)/CodeBlocks/SFML/lib" />
				</Linker>
			</Target>
			<Target title="Release">
				<Option output="bin/Release/test" prefix_auto="1" extension_auto="1" />
				<Option object_output="obj/Release/" />
				<Option type="1" />
				<Option compiler="gcc" />
				<Compiler>
					<Add option="-O2" />
					<Add option="-DSFML_STATIC" />
					<Add directory="C:/Program Files (x86)/CodeBlocks/SFML/include" />
					<Add directory="include" />
				</Compiler>
				<Linker>
					<Add option="-s" />
					<Add library="sfml-graphics-s" />
					<Add library="sfml-window-s" />
					<Add library="sfml-system-s" />
					<Add library="sfml-audio-s" />
					<Add library="sfml-main-s" />
					<Add library="sfml-network-s" />
					<Add directory="C:/Program Files (x86)/CodeBlocks/SFML/lib" />
				</Linker>
			</Target>
		</Build>
		<Compiler>
			<Add option="-Wall" />
			<Add option="-DSFML_STATIC" />
			<Add directory="C:/Program Files (x86)/CodeBlocks/SFML/include" />
		</Compiler>
		<Linker>
			<Add library="sfml-graphics" />
			<Add library="sfml-window" />
			<Add library="sfml-system" />
			<Add library="sfml-audio" />
			<Add library="sfml-main" />
			<Add library="sfml-network" />
			<Add directory="C:/Program Files (x86)/CodeBlocks/SFML/lib" />
		</Linker>
		<Unit filename="include/GUI.h" />
		<Unit filename="include/Jogo.h" />
		<Unit filename="include/Lixo.h" />
		<Unit filename="include/Objeto.h" />
		<Unit filename="main.cpp" />
		<Unit filename="src/GUI.cpp" />
		<Unit filename="src/Jogo.cpp" />
		<Unit filename="src/Lixo.cpp" />
		<Unit filename="src/Objeto.cpp" />
		<Extensions>
			<code_completion />
			<envvars />
			<debugger />
		</Extensions>
	</Project>
</CodeBlocks_project_file>
